// !$*UTF8*$!
{
	archiveVersion = 1;
	classes = {
	};
	objectVersion = 56;
	objects = {

/* Begin PBXBuildFile section */
		CDC753C12AD581A3000B2655 /* PassOrder_CloneApp.swift in Sources */ = {isa = PBXBuildFile; fileRef = CDC753C02AD581A3000B2655 /* PassOrder_CloneApp.swift */; };
		CDC753C32AD581A3000B2655 /* ContentView.swift in Sources */ = {isa = PBXBuildFile; fileRef = CDC753C22AD581A3000B2655 /* ContentView.swift */; };
		CDC753C52AD581A4000B2655 /* Assets.xcassets in Resources */ = {isa = PBXBuildFile; fileRef = CDC753C42AD581A4000B2655 /* Assets.xcassets */; };
		CDC753C82AD581A4000B2655 /* Preview Assets.xcassets in Resources */ = {isa = PBXBuildFile; fileRef = CDC753C72AD581A4000B2655 /* Preview Assets.xcassets */; };
		CDC753D22AD581A4000B2655 /* PassOrder_CloneTests.swift in Sources */ = {isa = PBXBuildFile; fileRef = CDC753D12AD581A4000B2655 /* PassOrder_CloneTests.swift */; };
		CDC753DC2AD581A4000B2655 /* PassOrder_CloneUITests.swift in Sources */ = {isa = PBXBuildFile; fileRef = CDC753DB2AD581A4000B2655 /* PassOrder_CloneUITests.swift */; };
		CDC753DE2AD581A4000B2655 /* PassOrder_CloneUITestsLaunchTests.swift in Sources */ = {isa = PBXBuildFile; fileRef = CDC753DD2AD581A4000B2655 /* PassOrder_CloneUITestsLaunchTests.swift */; };
/* End PBXBuildFile section */

/* Begin PBXContainerItemProxy section */
		CDC753CE2AD581A4000B2655 /* PBXContainerItemProxy */ = {
			isa = PBXContainerItemProxy;
			containerPortal = CDC753B52AD581A3000B2655 /* Project object */;
			proxyType = 1;
			remoteGlobalIDString = CDC753BC2AD581A3000B2655;
			remoteInfo = PassOrder_Clone;
		};
		CDC753D82AD581A4000B2655 /* PBXContainerItemProxy */ = {
			isa = PBXContainerItemProxy;
			containerPortal = CDC753B52AD581A3000B2655 /* Project object */;
			proxyType = 1;
			remoteGlobalIDString = CDC753BC2AD581A3000B2655;
			remoteInfo = PassOrder_Clone;
		};
/* End PBXContainerItemProxy section */

/* Begin PBXFileReference section */
		CDC753BD2AD581A3000B2655 /* PassOrder_Clone.app */ = {isa = PBXFileReference; explicitFileType = wrapper.application; includeInIndex = 0; path = PassOrder_Clone.app; sourceTree = BUILT_PRODUCTS_DIR; };
		CDC753C02AD581A3000B2655 /* PassOrder_CloneApp.swift */ = {isa = PBXFileReference; lastKnownFileType = sourcecode.swift; path = PassOrder_CloneApp.swift; sourceTree = "<group>"; };
		CDC753C22AD581A3000B2655 /* ContentView.swift */ = {isa = PBXFileReference; lastKnownFileType = sourcecode.swift; path = ContentView.swift; sourceTree = "<group>"; };
		CDC753C42AD581A4000B2655 /* Assets.xcassets */ = {isa = PBXFileReference; lastKnownFileType = folder.assetcatalog; path = Assets.xcassets; sourceTree = "<group>"; };
		CDC753C72AD581A4000B2655 /* Preview Assets.xcassets */ = {isa = PBXFileReference; lastKnownFileType = folder.assetcatalog; path = "Preview Assets.xcassets"; sourceTree = "<group>"; };
		CDC753CD2AD581A4000B2655 /* PassOrder_CloneTests.xctest */ = {isa = PBXFileReference; explicitFileType = wrapper.cfbundle; includeInIndex = 0; path = PassOrder_CloneTests.xctest; sourceTree = BUILT_PRODUCTS_DIR; };
		CDC753D12AD581A4000B2655 /* PassOrder_CloneTests.swift */ = {isa = PBXFileReference; lastKnownFileType = sourcecode.swift; path = PassOrder_CloneTests.swift; sourceTree = "<group>"; };
		CDC753D72AD581A4000B2655 /* PassOrder_CloneUITests.xctest */ = {isa = PBXFileReference; explicitFileType = wrapper.cfbundle; includeInIndex = 0; path = PassOrder_CloneUITests.xctest; sourceTree = BUILT_PRODUCTS_DIR; };
		CDC753DB2AD581A4000B2655 /* PassOrder_CloneUITests.swift */ = {isa = PBXFileReference; lastKnownFileType = sourcecode.swift; path = PassOrder_CloneUITests.swift; sourceTree = "<group>"; };
		CDC753DD2AD581A4000B2655 /* PassOrder_CloneUITestsLaunchTests.swift */ = {isa = PBXFileReference; lastKnownFileType = sourcecode.swift; path = PassOrder_CloneUITestsLaunchTests.swift; sourceTree = "<group>"; };
/* End PBXFileReference section */

/* Begin PBXFrameworksBuildPhase section */
		CDC753BA2AD581A3000B2655 /* Frameworks */ = {
			isa = PBXFrameworksBuildPhase;
			buildActionMask = 2147483647;
			files = (
			);
			runOnlyForDeploymentPostprocessing = 0;
		};
		CDC753CA2AD581A4000B2655 /* Frameworks */ = {
			isa = PBXFrameworksBuildPhase;
			buildActionMask = 2147483647;
			files = (
			);
			runOnlyForDeploymentPostprocessing = 0;
		};
		CDC753D42AD581A4000B2655 /* Frameworks */ = {
			isa = PBXFrameworksBuildPhase;
			buildActionMask = 2147483647;
			files = (
			);
			runOnlyForDeploymentPostprocessing = 0;
		};
/* End PBXFrameworksBuildPhase section */

/* Begin PBXGroup section */
		CDC753B42AD581A3000B2655 = {
			isa = PBXGroup;
			children = (
				CDC753BF2AD581A3000B2655 /* PassOrder_Clone */,
				CDC753D02AD581A4000B2655 /* PassOrder_CloneTests */,
				CDC753DA2AD581A4000B2655 /* PassOrder_CloneUITests */,
				CDC753BE2AD581A3000B2655 /* Products */,
			);
			sourceTree = "<group>";
		};
		CDC753BE2AD581A3000B2655 /* Products */ = {
			isa = PBXGroup;
			children = (
				CDC753BD2AD581A3000B2655 /* PassOrder_Clone.app */,
				CDC753CD2AD581A4000B2655 /* PassOrder_CloneTests.xctest */,
				CDC753D72AD581A4000B2655 /* PassOrder_CloneUITests.xctest */,
			);
			name = Products;
			sourceTree = "<group>";
		};
		CDC753BF2AD581A3000B2655 /* PassOrder_Clone */ = {
			isa = PBXGroup;
			children = (
				CDC753C02AD581A3000B2655 /* PassOrder_CloneApp.swift */,
				CDC753C22AD581A3000B2655 /* ContentView.swift */,
				CDC753C42AD581A4000B2655 /* Assets.xcassets */,
				CDC753C62AD581A4000B2655 /* Preview Content */,
			);
			path = PassOrder_Clone;
			sourceTree = "<group>";
		};
		CDC753C62AD581A4000B2655 /* Preview Content */ = {
			isa = PBXGroup;
			children = (
				CDC753C72AD581A4000B2655 /* Preview Assets.xcassets */,
			);
			path = "Preview Content";
			sourceTree = "<group>";
		};
		CDC753D02AD581A4000B2655 /* PassOrder_CloneTests */ = {
			isa = PBXGroup;
			children = (
				CDC753D12AD581A4000B2655 /* PassOrder_CloneTests.swift */,
			);
			path = PassOrder_CloneTests;
			sourceTree = "<group>";
		};
		CDC753DA2AD581A4000B2655 /* PassOrder_CloneUITests */ = {
			isa = PBXGroup;
			children = (
				CDC753DB2AD581A4000B2655 /* PassOrder_CloneUITests.swift */,
				CDC753DD2AD581A4000B2655 /* PassOrder_CloneUITestsLaunchTests.swift */,
			);
			path = PassOrder_CloneUITests;
			sourceTree = "<group>";
		};
/* End PBXGroup section */

/* Begin PBXNativeTarget section */
		CDC753BC2AD581A3000B2655 /* PassOrder_Clone */ = {
			isa = PBXNativeTarget;
			buildConfigurationList = CDC753E12AD581A4000B2655 /* Build configuration list for PBXNativeTarget "PassOrder_Clone" */;
			buildPhases = (
				CDC753B92AD581A3000B2655 /* Sources */,
				CDC753BA2AD581A3000B2655 /* Frameworks */,
				CDC753BB2AD581A3000B2655 /* Resources */,
			);
			buildRules = (
			);
			dependencies = (
			);
			name = PassOrder_Clone;
			productName = PassOrder_Clone;
			productReference = CDC753BD2AD581A3000B2655 /* PassOrder_Clone.app */;
			productType = "com.apple.product-type.application";
		};
		CDC753CC2AD581A4000B2655 /* PassOrder_CloneTests */ = {
			isa = PBXNativeTarget;
			buildConfigurationList = CDC753E42AD581A4000B2655 /* Build configuration list for PBXNativeTarget "PassOrder_CloneTests" */;
			buildPhases = (
				CDC753C92AD581A4000B2655 /* Sources */,
				CDC753CA2AD581A4000B2655 /* Frameworks */,
				CDC753CB2AD581A4000B2655 /* Resources */,
			);
			buildRules = (
			);
			dependencies = (
				CDC753CF2AD581A4000B2655 /* PBXTargetDependency */,
			);
			name = PassOrder_CloneTests;
			productName = PassOrder_CloneTests;
			productReference = CDC753CD2AD581A4000B2655 /* PassOrder_CloneTests.xctest */;
			productType = "com.apple.product-type.bundle.unit-test";
		};
		CDC753D62AD581A4000B2655 /* PassOrder_CloneUITests */ = {
			isa = PBXNativeTarget;
			buildConfigurationList = CDC753E72AD581A4000B2655 /* Build configuration list for PBXNativeTarget "PassOrder_CloneUITests" */;
			buildPhases = (
				CDC753D32AD581A4000B2655 /* Sources */,
				CDC753D42AD581A4000B2655 /* Frameworks */,
				CDC753D52AD581A4000B2655 /* Resources */,
			);
			buildRules = (
			);
			dependencies = (
				CDC753D92AD581A4000B2655 /* PBXTargetDependency */,
			);
			name = PassOrder_CloneUITests;
			productName = PassOrder_CloneUITests;
			productReference = CDC753D72AD581A4000B2655 /* PassOrder_CloneUITests.xctest */;
			productType = "com.apple.product-type.bundle.ui-testing";
		};
/* End PBXNativeTarget section */

/* Begin PBXProject section */
		CDC753B52AD581A3000B2655 /* Project object */ = {
			isa = PBXProject;
			attributes = {
				BuildIndependentTargetsInParallel = 1;
				LastSwiftUpdateCheck = 1420;
				LastUpgradeCheck = 1420;
				TargetAttributes = {
					CDC753BC2AD581A3000B2655 = {
						CreatedOnToolsVersion = 14.2;
					};
					CDC753CC2AD581A4000B2655 = {
						CreatedOnToolsVersion = 14.2;
						TestTargetID = CDC753BC2AD581A3000B2655;
					};
					CDC753D62AD581A4000B2655 = {
						CreatedOnToolsVersion = 14.2;
						TestTargetID = CDC753BC2AD581A3000B2655;
					};
				};
			};
			buildConfigurationList = CDC753B82AD581A3000B2655 /* Build configuration list for PBXProject "PassOrder_Clone" */;
			compatibilityVersion = "Xcode 14.0";
			developmentRegion = en;
			hasScannedForEncodings = 0;
			knownRegions = (
				en,
				Base,
			);
			mainGroup = CDC753B42AD581A3000B2655;
			productRefGroup = CDC753BE2AD581A3000B2655 /* Products */;
			projectDirPath = "";
			projectRoot = "";
			targets = (
				CDC753BC2AD581A3000B2655 /* PassOrder_Clone */,
				CDC753CC2AD581A4000B2655 /* PassOrder_CloneTests */,
				CDC753D62AD581A4000B2655 /* PassOrder_CloneUITests */,
			);
		};
/* End PBXProject section */

/* Begin PBXResourcesBuildPhase section */
		CDC753BB2AD581A3000B2655 /* Resources */ = {
			isa = PBXResourcesBuildPhase;
			buildActionMask = 2147483647;
			files = (
				CDC753C82AD581A4000B2655 /* Preview Assets.xcassets in Resources */,
				CDC753C52AD581A4000B2655 /* Assets.xcassets in Resources */,
			);
			runOnlyForDeploymentPostprocessing = 0;
		};
		CDC753CB2AD581A4000B2655 /* Resources */ = {
			isa = PBXResourcesBuildPhase;
			buildActionMask = 2147483647;
			files = (
			);
			runOnlyForDeploymentPostprocessing = 0;
		};
		CDC753D52AD581A4000B2655 /* Resources */ = {
			isa = PBXResourcesBuildPhase;
			buildActionMask = 2147483647;
			files = (
			);
			runOnlyForDeploymentPostprocessing = 0;
		};
/* End PBXResourcesBuildPhase section */

/* Begin PBXSourcesBuildPhase section */
		CDC753B92AD581A3000B2655 /* Sources */ = {
			isa = PBXSourcesBuildPhase;
			buildActionMask = 2147483647;
			files = (
				CDC753C32AD581A3000B2655 /* ContentView.swift in Sources */,
				CDC753C12AD581A3000B2655 /* PassOrder_CloneApp.swift in Sources */,
			);
			runOnlyForDeploymentPostprocessing = 0;
		};
		CDC753C92AD581A4000B2655 /* Sources */ = {
			isa = PBXSourcesBuildPhase;
			buildActionMask = 2147483647;
			files = (
				CDC753D22AD581A4000B2655 /* PassOrder_CloneTests.swift in Sources */,
			);
			runOnlyForDeploymentPostprocessing = 0;
		};
		CDC753D32AD581A4000B2655 /* Sources */ = {
			isa = PBXSourcesBuildPhase;
			buildActionMask = 2147483647;
			files = (
				CDC753DE2AD581A4000B2655 /* PassOrder_CloneUITestsLaunchTests.swift in Sources */,
				CDC753DC2AD581A4000B2655 /* PassOrder_CloneUITests.swift in Sources */,
			);
			runOnlyForDeploymentPostprocessing = 0;
		};
/* End PBXSourcesBuildPhase section */

/* Begin PBXTargetDependency section */
		CDC753CF2AD581A4000B2655 /* PBXTargetDependency */ = {
			isa = PBXTargetDependency;
			target = CDC753BC2AD581A3000B2655 /* PassOrder_Clone */;
			targetProxy = CDC753CE2AD581A4000B2655 /* PBXContainerItemProxy */;
		};
		CDC753D92AD581A4000B2655 /* PBXTargetDependency */ = {
			isa = PBXTargetDependency;
			target = CDC753BC2AD581A3000B2655 /* PassOrder_Clone */;
			targetProxy = CDC753D82AD581A4000B2655 /* PBXContainerItemProxy */;
		};
/* End PBXTargetDependency section */

/* Begin XCBuildConfiguration section */
		CDC753DF2AD581A4000B2655 /* Debug */ = {
			isa = XCBuildConfiguration;
			buildSettings = {
				ALWAYS_SEARCH_USER_PATHS = NO;
				CLANG_ANALYZER_NONNULL = YES;
				CLANG_ANALYZER_NUMBER_OBJECT_CONVERSION = YES_AGGRESSIVE;
				CLANG_CXX_LANGUAGE_STANDARD = "gnu++20";
				CLANG_ENABLE_MODULES = YES;
				CLANG_ENABLE_OBJC_ARC = YES;
				CLANG_ENABLE_OBJC_WEAK = YES;
				CLANG_WARN_BLOCK_CAPTURE_AUTORELEASING = YES;
				CLANG_WARN_BOOL_CONVERSION = YES;
				CLANG_WARN_COMMA = YES;
				CLANG_WARN_CONSTANT_CONVERSION = YES;
				CLANG_WARN_DEPRECATED_OBJC_IMPLEMENTATIONS = YES;
				CLANG_WARN_DIRECT_OBJC_ISA_USAGE = YES_ERROR;
				CLANG_WARN_DOCUMENTATION_COMMENTS = YES;
				CLANG_WARN_EMPTY_BODY = YES;
				CLANG_WARN_ENUM_CONVERSION = YES;
				CLANG_WARN_INFINITE_RECURSION = YES;
				CLANG_WARN_INT_CONVERSION = YES;
				CLANG_WARN_NON_LITERAL_NULL_CONVERSION = YES;
				CLANG_WARN_OBJC_IMPLICIT_RETAIN_SELF = YES;
				CLANG_WARN_OBJC_LITERAL_CONVERSION = YES;
				CLANG_WARN_OBJC_ROOT_CLASS = YES_ERROR;
				CLANG_WARN_QUOTED_INCLUDE_IN_FRAMEWORK_HEADER = YES;
				CLANG_WARN_RANGE_LOOP_ANALYSIS = YES;
				CLANG_WARN_STRICT_PROTOTYPES = YES;
				CLANG_WARN_SUSPICIOUS_MOVE = YES;
				CLANG_WARN_UNGUARDED_AVAILABILITY = YES_AGGRESSIVE;
				CLANG_WARN_UNREACHABLE_CODE = YES;
				CLANG_WARN__DUPLICATE_METHOD_MATCH = YES;
				COPY_PHASE_STRIP = NO;
				DEBUG_INFORMATION_FORMAT = dwarf;
				ENABLE_STRICT_OBJC_MSGSEND = YES;
				ENABLE_TESTABILITY = YES;
				GCC_C_LANGUAGE_STANDARD = gnu11;
				GCC_DYNAMIC_NO_PIC = NO;
				GCC_NO_COMMON_BLOCKS = YES;
				GCC_OPTIMIZATION_LEVEL = 0;
				GCC_PREPROCESSOR_DEFINITIONS = (
					"DEBUG=1",
					"$(inherited)",
				);
				GCC_WARN_64_TO_32_BIT_CONVERSION = YES;
				GCC_WARN_ABOUT_RETURN_TYPE = YES_ERROR;
				GCC_WARN_UNDECLARED_SELECTOR = YES;
				GCC_WARN_UNINITIALIZED_AUTOS = YES_AGGRESSIVE;
				GCC_WARN_UNUSED_FUNCTION = YES;
				GCC_WARN_UNUSED_VARIABLE = YES;
				IPHONEOS_DEPLOYMENT_TARGET = 16.2;
				MTL_ENABLE_DEBUG_INFO = INCLUDE_SOURCE;
				MTL_FAST_MATH = YES;
				ONLY_ACTIVE_ARCH = YES;
				SDKROOT = iphoneos;
				SWIFT_ACTIVE_COMPILATION_CONDITIONS = DEBUG;
				SWIFT_OPTIMIZATION_LEVEL = "-Onone";
			};
			name = Debug;
		};
		CDC753E02AD581A4000B2655 /* Release */ = {
			isa = XCBuildConfiguration;
			buildSettings = {
				ALWAYS_SEARCH_USER_PATHS = NO;
				CLANG_ANALYZER_NONNULL = YES;
				CLANG_ANALYZER_NUMBER_OBJECT_CONVERSION = YES_AGGRESSIVE;
				CLANG_CXX_LANGUAGE_STANDARD = "gnu++20";
				CLANG_ENABLE_MODULES = YES;
				CLANG_ENABLE_OBJC_ARC = YES;
				CLANG_ENABLE_OBJC_WEAK = YES;
				CLANG_WARN_BLOCK_CAPTURE_AUTORELEASING = YES;
				CLANG_WARN_BOOL_CONVERSION = YES;
				CLANG_WARN_COMMA = YES;
				CLANG_WARN_CONSTANT_CONVERSION = YES;
				CLANG_WARN_DEPRECATED_OBJC_IMPLEMENTATIONS = YES;
				CLANG_WARN_DIRECT_OBJC_ISA_USAGE = YES_ERROR;
				CLANG_WARN_DOCUMENTATION_COMMENTS = YES;
				CLANG_WARN_EMPTY_BODY = YES;
				CLANG_WARN_ENUM_CONVERSION = YES;
				CLANG_WARN_INFINITE_RECURSION = YES;
				CLANG_WARN_INT_CONVERSION = YES;
				CLANG_WARN_NON_LITERAL_NULL_CONVERSION = YES;
				CLANG_WARN_OBJC_IMPLICIT_RETAIN_SELF = YES;
				CLANG_WARN_OBJC_LITERAL_CONVERSION = YES;
				CLANG_WARN_OBJC_ROOT_CLASS = YES_ERROR;
				CLANG_WARN_QUOTED_INCLUDE_IN_FRAMEWORK_HEADER = YES;
				CLANG_WARN_RANGE_LOOP_ANALYSIS = YES;
				CLANG_WARN_STRICT_PROTOTYPES = YES;
				CLANG_WARN_SUSPICIOUS_MOVE = YES;
				CLANG_WARN_UNGUARDED_AVAILABILITY = YES_AGGRESSIVE;
				CLANG_WARN_UNREACHABLE_CODE = YES;
				CLANG_WARN__DUPLICATE_METHOD_MATCH = YES;
				COPY_PHASE_STRIP = NO;
				DEBUG_INFORMATION_FORMAT = "dwarf-with-dsym";
				ENABLE_NS_ASSERTIONS = NO;
				ENABLE_STRICT_OBJC_MSGSEND = YES;
				GCC_C_LANGUAGE_STANDARD = gnu11;
				GCC_NO_COMMON_BLOCKS = YES;
				GCC_WARN_64_TO_32_BIT_CONVERSION = YES;
				GCC_WARN_ABOUT_RETURN_TYPE = YES_ERROR;
				GCC_WARN_UNDECLARED_SELECTOR = YES;
				GCC_WARN_UNINITIALIZED_AUTOS = YES_AGGRESSIVE;
				GCC_WARN_UNUSED_FUNCTION = YES;
				GCC_WARN_UNUSED_VARIABLE = YES;
				IPHONEOS_DEPLOYMENT_TARGET = 16.2;
				MTL_ENABLE_DEBUG_INFO = NO;
				MTL_FAST_MATH = YES;
				SDKROOT = iphoneos;
				SWIFT_COMPILATION_MODE = wholemodule;
				SWIFT_OPTIMIZATION_LEVEL = "-O";
				VALIDATE_PRODUCT = YES;
			};
			name = Release;
		};
		CDC753E22AD581A4000B2655 /* Debug */ = {
			isa = XCBuildConfiguration;
			buildSettings = {
				ASSETCATALOG_COMPILER_APPICON_NAME = AppIcon;
				ASSETCATALOG_COMPILER_GLOBAL_ACCENT_COLOR_NAME = AccentColor;
				CODE_SIGN_STYLE = Automatic;
				CURRENT_PROJECT_VERSION = 1;
				DEVELOPMENT_ASSET_PATHS = "\"PassOrder_Clone/Preview Content\"";
				DEVELOPMENT_TEAM = P3KXNQ9736;
				ENABLE_PREVIEWS = YES;
				GENERATE_INFOPLIST_FILE = YES;
				INFOPLIST_KEY_UIApplicationSceneManifest_Generation = YES;
				INFOPLIST_KEY_UIApplicationSupportsIndirectInputEvents = YES;
				INFOPLIST_KEY_UILaunchScreen_Generation = YES;
				INFOPLIST_KEY_UISupportedInterfaceOrientations_iPad = "UIInterfaceOrientationPortrait UIInterfaceOrientationPortraitUpsideDown UIInterfaceOrientationLandscapeLeft UIInterfaceOrientationLandscapeRight";
				INFOPLIST_KEY_UISupportedInterfaceOrientations_iPhone = "UIInterfaceOrientationPortrait UIInterfaceOrientationLandscapeLeft UIInterfaceOrientationLandscapeRight";
				LD_RUNPATH_SEARCH_PATHS = (
					"$(inherited)",
					"@executable_path/Frameworks",
				);
				MARKETING_VERSION = 1.0;
				PRODUCT_BUNDLE_IDENTIFIER = "Choi.PassOrder-Clone";
				PRODUCT_NAME = "$(TARGET_NAME)";
				SWIFT_EMIT_LOC_STRINGS = YES;
				SWIFT_VERSION = 5.0;
				TARGETED_DEVICE_FAMILY = "1,2";
			};
			name = Debug;
		};
		CDC753E32AD581A4000B2655 /* Release */ = {
			isa = XCBuildConfiguration;
			buildSettings = {
				ASSETCATALOG_COMPILER_APPICON_NAME = AppIcon;
				ASSETCATALOG_COMPILER_GLOBAL_ACCENT_COLOR_NAME = AccentColor;
				CODE_SIGN_STYLE = Automatic;
				CURRENT_PROJECT_VERSION = 1;
				DEVELOPMENT_ASSET_PATHS = "\"PassOrder_Clone/Preview Content\"";
				DEVELOPMENT_TEAM = P3KXNQ9736;
				ENABLE_PREVIEWS = YES;
				GENERATE_INFOPLIST_FILE = YES;
				INFOPLIST_KEY_UIApplicationSceneManifest_Generation = YES;
				INFOPLIST_KEY_UIApplicationSupportsIndirectInputEvents = YES;
				INFOPLIST_KEY_UILaunchScreen_Generation = YES;
				INFOPLIST_KEY_UISupportedInterfaceOrientations_iPad = "UIInterfaceOrientationPortrait UIInterfaceOrientationPortraitUpsideDown UIInterfaceOrientationLandscapeLeft UIInterfaceOrientationLandscapeRight";
				INFOPLIST_KEY_UISupportedInterfaceOrientations_iPhone = "UIInterfaceOrientationPortrait UIInterfaceOrientationLandscapeLeft UIInterfaceOrientationLandscapeRight";
				LD_RUNPATH_SEARCH_PATHS = (
					"$(inherited)",
					"@executable_path/Frameworks",
				);
				MARKETING_VERSION = 1.0;
				PRODUCT_BUNDLE_IDENTIFIER = "Choi.PassOrder-Clone";
				PRODUCT_NAME = "$(TARGET_NAME)";
				SWIFT_EMIT_LOC_STRINGS = YES;
				SWIFT_VERSION = 5.0;
				TARGETED_DEVICE_FAMILY = "1,2";
			};
			name = Release;
		};
		CDC753E52AD581A4000B2655 /* Debug */ = {
			isa = XCBuildConfiguration;
			buildSettings = {
				ALWAYS_EMBED_SWIFT_STANDARD_LIBRARIES = YES;
				BUNDLE_LOADER = "$(TEST_HOST)";
				CODE_SIGN_STYLE = Automatic;
				CURRENT_PROJECT_VERSION = 1;
				DEVELOPMENT_TEAM = P3KXNQ9736;
				GENERATE_INFOPLIST_FILE = YES;
				IPHONEOS_DEPLOYMENT_TARGET = 16.2;
				MARKETING_VERSION = 1.0;
				PRODUCT_BUNDLE_IDENTIFIER = "Choi.PassOrder-CloneTests";
				PRODUCT_NAME = "$(TARGET_NAME)";
				SWIFT_EMIT_LOC_STRINGS = NO;
				SWIFT_VERSION = 5.0;
				TARGETED_DEVICE_FAMILY = "1,2";
				TEST_HOST = "$(BUILT_PRODUCTS_DIR)/PassOrder_Clone.app/$(BUNDLE_EXECUTABLE_FOLDER_PATH)/PassOrder_Clone";
			};
			name = Debug;
		};
		CDC753E62AD581A4000B2655 /* Release */ = {
			isa = XCBuildConfiguration;
			buildSettings = {
				ALWAYS_EMBED_SWIFT_STANDARD_LIBRARIES = YES;
				BUNDLE_LOADER = "$(TEST_HOST)";
				CODE_SIGN_STYLE = Automatic;
				CURRENT_PROJECT_VERSION = 1;
				DEVELOPMENT_TEAM = P3KXNQ9736;
				GENERATE_INFOPLIST_FILE = YES;
				IPHONEOS_DEPLOYMENT_TARGET = 16.2;
				MARKETING_VERSION = 1.0;
				PRODUCT_BUNDLE_IDENTIFIER = "Choi.PassOrder-CloneTests";
				PRODUCT_NAME = "$(TARGET_NAME)";
				SWIFT_EMIT_LOC_STRINGS = NO;
				SWIFT_VERSION = 5.0;
				TARGETED_DEVICE_FAMILY = "1,2";
				TEST_HOST = "$(BUILT_PRODUCTS_DIR)/PassOrder_Clone.app/$(BUNDLE_EXECUTABLE_FOLDER_PATH)/PassOrder_Clone";
			};
			name = Release;
		};
		CDC753E82AD581A4000B2655 /* Debug */ = {
			isa = XCBuildConfiguration;
			buildSettings = {
				ALWAYS_EMBED_SWIFT_STANDARD_LIBRARIES = YES;
				CODE_SIGN_STYLE = Automatic;
				CURRENT_PROJECT_VERSION = 1;
				DEVELOPMENT_TEAM = P3KXNQ9736;
				GENERATE_INFOPLIST_FILE = YES;
				MARKETING_VERSION = 1.0;
				PRODUCT_BUNDLE_IDENTIFIER = "Choi.PassOrder-CloneUITests";
				PRODUCT_NAME = "$(TARGET_NAME)";
				SWIFT_EMIT_LOC_STRINGS = NO;
				SWIFT_VERSION = 5.0;
				TARGETED_DEVICE_FAMILY = "1,2";
				TEST_TARGET_NAME = PassOrder_Clone;
			};
			name = Debug;
		};
		CDC753E92AD581A4000B2655 /* Release */ = {
			isa = XCBuildConfiguration;
			buildSettings = {
				ALWAYS_EMBED_SWIFT_STANDARD_LIBRARIES = YES;
				CODE_SIGN_STYLE = Automatic;
				CURRENT_PROJECT_VERSION = 1;
				DEVELOPMENT_TEAM = P3KXNQ9736;
				GENERATE_INFOPLIST_FILE = YES;
				MARKETING_VERSION = 1.0;
				PRODUCT_BUNDLE_IDENTIFIER = "Choi.PassOrder-CloneUITests";
				PRODUCT_NAME = "$(TARGET_NAME)";
				SWIFT_EMIT_LOC_STRINGS = NO;
				SWIFT_VERSION = 5.0;
				TARGETED_DEVICE_FAMILY = "1,2";
				TEST_TARGET_NAME = PassOrder_Clone;
			};
			name = Release;
		};
/* End XCBuildConfiguration section */

/* Begin XCConfigurationList section */
		CDC753B82AD581A3000B2655 /* Build configuration list for PBXProject "PassOrder_Clone" */ = {
			isa = XCConfigurationList;
			buildConfigurations = (
				CDC753DF2AD581A4000B2655 /* Debug */,
				CDC753E02AD581A4000B2655 /* Release */,
			);
			defaultConfigurationIsVisible = 0;
			defaultConfigurationName = Release;
		};
		CDC753E12AD581A4000B2655 /* Build configuration list for PBXNativeTarget "PassOrder_Clone" */ = {
			isa = XCConfigurationList;
			buildConfigurations = (
				CDC753E22AD581A4000B2655 /* Debug */,
				CDC753E32AD581A4000B2655 /* Release */,
			);
			defaultConfigurationIsVisible = 0;
			defaultConfigurationName = Release;
		};
		CDC753E42AD581A4000B2655 /* Build configuration list for PBXNativeTarget "PassOrder_CloneTests" */ = {
			isa = XCConfigurationList;
			buildConfigurations = (
				CDC753E52AD581A4000B2655 /* Debug */,
				CDC753E62AD581A4000B2655 /* Release */,
			);
			defaultConfigurationIsVisible = 0;
			defaultConfigurationName = Release;
		};
		CDC753E72AD581A4000B2655 /* Build configuration list for PBXNativeTarget "PassOrder_CloneUITests" */ = {
			isa = XCConfigurationList;
			buildConfigurations = (
				CDC753E82AD581A4000B2655 /* Debug */,
				CDC753E92AD581A4000B2655 /* Release */,
			);
			defaultConfigurationIsVisible = 0;
			defaultConfigurationName = Release;
		};
/* End XCConfigurationList section */
	};
	rootObject = CDC753B52AD581A3000B2655 /* Project object */;
}
