// !$*UTF8*$!
{
	archiveVersion = 1;
	classes = {
	};
	objectVersion = 56;
	objects = {

/* Begin PBXBuildFile section */
		CD1B4F602AE6A65F0082F3C8 /* AppDelegate.swift in Sources */ = {isa = PBXBuildFile; fileRef = CD1B4F5F2AE6A65F0082F3C8 /* AppDelegate.swift */; };
		CD1B4F622AE6A65F0082F3C8 /* SceneDelegate.swift in Sources */ = {isa = PBXBuildFile; fileRef = CD1B4F612AE6A65F0082F3C8 /* SceneDelegate.swift */; };
		CD1B4F642AE6A65F0082F3C8 /* ViewController.swift in Sources */ = {isa = PBXBuildFile; fileRef = CD1B4F632AE6A65F0082F3C8 /* ViewController.swift */; };
		CD1B4F672AE6A65F0082F3C8 /* Main.storyboard in Resources */ = {isa = PBXBuildFile; fileRef = CD1B4F652AE6A65F0082F3C8 /* Main.storyboard */; };
		CD1B4F692AE6A6600082F3C8 /* Assets.xcassets in Resources */ = {isa = PBXBuildFile; fileRef = CD1B4F682AE6A6600082F3C8 /* Assets.xcassets */; };
		CD1B4F6C2AE6A6600082F3C8 /* LaunchScreen.storyboard in Resources */ = {isa = PBXBuildFile; fileRef = CD1B4F6A2AE6A6600082F3C8 /* LaunchScreen.storyboard */; };
		CD1B4F772AE6A6600082F3C8 /* AutoLayoutTests.swift in Sources */ = {isa = PBXBuildFile; fileRef = CD1B4F762AE6A6600082F3C8 /* AutoLayoutTests.swift */; };
		CD1B4F812AE6A6600082F3C8 /* AutoLayoutUITests.swift in Sources */ = {isa = PBXBuildFile; fileRef = CD1B4F802AE6A6600082F3C8 /* AutoLayoutUITests.swift */; };
		CD1B4F832AE6A6600082F3C8 /* AutoLayoutUITestsLaunchTests.swift in Sources */ = {isa = PBXBuildFile; fileRef = CD1B4F822AE6A6600082F3C8 /* AutoLayoutUITestsLaunchTests.swift */; };
/* End PBXBuildFile section */

/* Begin PBXContainerItemProxy section */
		CD1B4F732AE6A6600082F3C8 /* PBXContainerItemProxy */ = {
			isa = PBXContainerItemProxy;
			containerPortal = CD1B4F542AE6A65F0082F3C8 /* Project object */;
			proxyType = 1;
			remoteGlobalIDString = CD1B4F5B2AE6A65F0082F3C8;
			remoteInfo = AutoLayout;
		};
		CD1B4F7D2AE6A6600082F3C8 /* PBXContainerItemProxy */ = {
			isa = PBXContainerItemProxy;
			containerPortal = CD1B4F542AE6A65F0082F3C8 /* Project object */;
			proxyType = 1;
			remoteGlobalIDString = CD1B4F5B2AE6A65F0082F3C8;
			remoteInfo = AutoLayout;
		};
/* End PBXContainerItemProxy section */

/* Begin PBXFileReference section */
		CD1B4F5C2AE6A65F0082F3C8 /* AutoLayout.app */ = {isa = PBXFileReference; explicitFileType = wrapper.application; includeInIndex = 0; path = AutoLayout.app; sourceTree = BUILT_PRODUCTS_DIR; };
		CD1B4F5F2AE6A65F0082F3C8 /* AppDelegate.swift */ = {isa = PBXFileReference; lastKnownFileType = sourcecode.swift; path = AppDelegate.swift; sourceTree = "<group>"; };
		CD1B4F612AE6A65F0082F3C8 /* SceneDelegate.swift */ = {isa = PBXFileReference; lastKnownFileType = sourcecode.swift; path = SceneDelegate.swift; sourceTree = "<group>"; };
		CD1B4F632AE6A65F0082F3C8 /* ViewController.swift */ = {isa = PBXFileReference; lastKnownFileType = sourcecode.swift; path = ViewController.swift; sourceTree = "<group>"; };
		CD1B4F662AE6A65F0082F3C8 /* Base */ = {isa = PBXFileReference; lastKnownFileType = file.storyboard; name = Base; path = Base.lproj/Main.storyboard; sourceTree = "<group>"; };
		CD1B4F682AE6A6600082F3C8 /* Assets.xcassets */ = {isa = PBXFileReference; lastKnownFileType = folder.assetcatalog; path = Assets.xcassets; sourceTree = "<group>"; };
		CD1B4F6B2AE6A6600082F3C8 /* Base */ = {isa = PBXFileReference; lastKnownFileType = file.storyboard; name = Base; path = Base.lproj/LaunchScreen.storyboard; sourceTree = "<group>"; };
		CD1B4F6D2AE6A6600082F3C8 /* Info.plist */ = {isa = PBXFileReference; lastKnownFileType = text.plist.xml; path = Info.plist; sourceTree = "<group>"; };
		CD1B4F722AE6A6600082F3C8 /* AutoLayoutTests.xctest */ = {isa = PBXFileReference; explicitFileType = wrapper.cfbundle; includeInIndex = 0; path = AutoLayoutTests.xctest; sourceTree = BUILT_PRODUCTS_DIR; };
		CD1B4F762AE6A6600082F3C8 /* AutoLayoutTests.swift */ = {isa = PBXFileReference; lastKnownFileType = sourcecode.swift; path = AutoLayoutTests.swift; sourceTree = "<group>"; };
		CD1B4F7C2AE6A6600082F3C8 /* AutoLayoutUITests.xctest */ = {isa = PBXFileReference; explicitFileType = wrapper.cfbundle; includeInIndex = 0; path = AutoLayoutUITests.xctest; sourceTree = BUILT_PRODUCTS_DIR; };
		CD1B4F802AE6A6600082F3C8 /* AutoLayoutUITests.swift */ = {isa = PBXFileReference; lastKnownFileType = sourcecode.swift; path = AutoLayoutUITests.swift; sourceTree = "<group>"; };
		CD1B4F822AE6A6600082F3C8 /* AutoLayoutUITestsLaunchTests.swift */ = {isa = PBXFileReference; lastKnownFileType = sourcecode.swift; path = AutoLayoutUITestsLaunchTests.swift; sourceTree = "<group>"; };
/* End PBXFileReference section */

/* Begin PBXFrameworksBuildPhase section */
		CD1B4F592AE6A65F0082F3C8 /* Frameworks */ = {
			isa = PBXFrameworksBuildPhase;
			buildActionMask = 2147483647;
			files = (
			);
			runOnlyForDeploymentPostprocessing = 0;
		};
		CD1B4F6F2AE6A6600082F3C8 /* Frameworks */ = {
			isa = PBXFrameworksBuildPhase;
			buildActionMask = 2147483647;
			files = (
			);
			runOnlyForDeploymentPostprocessing = 0;
		};
		CD1B4F792AE6A6600082F3C8 /* Frameworks */ = {
			isa = PBXFrameworksBuildPhase;
			buildActionMask = 2147483647;
			files = (
			);
			runOnlyForDeploymentPostprocessing = 0;
		};
/* End PBXFrameworksBuildPhase section */

/* Begin PBXGroup section */
		CD1B4F532AE6A65F0082F3C8 = {
			isa = PBXGroup;
			children = (
				CD1B4F5E2AE6A65F0082F3C8 /* AutoLayout */,
				CD1B4F752AE6A6600082F3C8 /* AutoLayoutTests */,
				CD1B4F7F2AE6A6600082F3C8 /* AutoLayoutUITests */,
				CD1B4F5D2AE6A65F0082F3C8 /* Products */,
			);
			sourceTree = "<group>";
		};
		CD1B4F5D2AE6A65F0082F3C8 /* Products */ = {
			isa = PBXGroup;
			children = (
				CD1B4F5C2AE6A65F0082F3C8 /* AutoLayout.app */,
				CD1B4F722AE6A6600082F3C8 /* AutoLayoutTests.xctest */,
				CD1B4F7C2AE6A6600082F3C8 /* AutoLayoutUITests.xctest */,
			);
			name = Products;
			sourceTree = "<group>";
		};
		CD1B4F5E2AE6A65F0082F3C8 /* AutoLayout */ = {
			isa = PBXGroup;
			children = (
				CD1B4F5F2AE6A65F0082F3C8 /* AppDelegate.swift */,
				CD1B4F612AE6A65F0082F3C8 /* SceneDelegate.swift */,
				CD1B4F632AE6A65F0082F3C8 /* ViewController.swift */,
				CD1B4F652AE6A65F0082F3C8 /* Main.storyboard */,
				CD1B4F682AE6A6600082F3C8 /* Assets.xcassets */,
				CD1B4F6A2AE6A6600082F3C8 /* LaunchScreen.storyboard */,
				CD1B4F6D2AE6A6600082F3C8 /* Info.plist */,
			);
			path = AutoLayout;
			sourceTree = "<group>";
		};
		CD1B4F752AE6A6600082F3C8 /* AutoLayoutTests */ = {
			isa = PBXGroup;
			children = (
				CD1B4F762AE6A6600082F3C8 /* AutoLayoutTests.swift */,
			);
			path = AutoLayoutTests;
			sourceTree = "<group>";
		};
		CD1B4F7F2AE6A6600082F3C8 /* AutoLayoutUITests */ = {
			isa = PBXGroup;
			children = (
				CD1B4F802AE6A6600082F3C8 /* AutoLayoutUITests.swift */,
				CD1B4F822AE6A6600082F3C8 /* AutoLayoutUITestsLaunchTests.swift */,
			);
			path = AutoLayoutUITests;
			sourceTree = "<group>";
		};
/* End PBXGroup section */

/* Begin PBXNativeTarget section */
		CD1B4F5B2AE6A65F0082F3C8 /* AutoLayout */ = {
			isa = PBXNativeTarget;
			buildConfigurationList = CD1B4F862AE6A6600082F3C8 /* Build configuration list for PBXNativeTarget "AutoLayout" */;
			buildPhases = (
				CD1B4F582AE6A65F0082F3C8 /* Sources */,
				CD1B4F592AE6A65F0082F3C8 /* Frameworks */,
				CD1B4F5A2AE6A65F0082F3C8 /* Resources */,
			);
			buildRules = (
			);
			dependencies = (
			);
			name = AutoLayout;
			productName = AutoLayout;
			productReference = CD1B4F5C2AE6A65F0082F3C8 /* AutoLayout.app */;
			productType = "com.apple.product-type.application";
		};
		CD1B4F712AE6A6600082F3C8 /* AutoLayoutTests */ = {
			isa = PBXNativeTarget;
			buildConfigurationList = CD1B4F892AE6A6600082F3C8 /* Build configuration list for PBXNativeTarget "AutoLayoutTests" */;
			buildPhases = (
				CD1B4F6E2AE6A6600082F3C8 /* Sources */,
				CD1B4F6F2AE6A6600082F3C8 /* Frameworks */,
				CD1B4F702AE6A6600082F3C8 /* Resources */,
			);
			buildRules = (
			);
			dependencies = (
				CD1B4F742AE6A6600082F3C8 /* PBXTargetDependency */,
			);
			name = AutoLayoutTests;
			productName = AutoLayoutTests;
			productReference = CD1B4F722AE6A6600082F3C8 /* AutoLayoutTests.xctest */;
			productType = "com.apple.product-type.bundle.unit-test";
		};
		CD1B4F7B2AE6A6600082F3C8 /* AutoLayoutUITests */ = {
			isa = PBXNativeTarget;
			buildConfigurationList = CD1B4F8C2AE6A6600082F3C8 /* Build configuration list for PBXNativeTarget "AutoLayoutUITests" */;
			buildPhases = (
				CD1B4F782AE6A6600082F3C8 /* Sources */,
				CD1B4F792AE6A6600082F3C8 /* Frameworks */,
				CD1B4F7A2AE6A6600082F3C8 /* Resources */,
			);
			buildRules = (
			);
			dependencies = (
				CD1B4F7E2AE6A6600082F3C8 /* PBXTargetDependency */,
			);
			name = AutoLayoutUITests;
			productName = AutoLayoutUITests;
			productReference = CD1B4F7C2AE6A6600082F3C8 /* AutoLayoutUITests.xctest */;
			productType = "com.apple.product-type.bundle.ui-testing";
		};
/* End PBXNativeTarget section */

/* Begin PBXProject section */
		CD1B4F542AE6A65F0082F3C8 /* Project object */ = {
			isa = PBXProject;
			attributes = {
				BuildIndependentTargetsInParallel = 1;
				LastSwiftUpdateCheck = 1500;
				LastUpgradeCheck = 1500;
				TargetAttributes = {
					CD1B4F5B2AE6A65F0082F3C8 = {
						CreatedOnToolsVersion = 15.0.1;
					};
					CD1B4F712AE6A6600082F3C8 = {
						CreatedOnToolsVersion = 15.0.1;
						TestTargetID = CD1B4F5B2AE6A65F0082F3C8;
					};
					CD1B4F7B2AE6A6600082F3C8 = {
						CreatedOnToolsVersion = 15.0.1;
						TestTargetID = CD1B4F5B2AE6A65F0082F3C8;
					};
				};
			};
			buildConfigurationList = CD1B4F572AE6A65F0082F3C8 /* Build configuration list for PBXProject "AutoLayout" */;
			compatibilityVersion = "Xcode 14.0";
			developmentRegion = en;
			hasScannedForEncodings = 0;
			knownRegions = (
				en,
				Base,
			);
			mainGroup = CD1B4F532AE6A65F0082F3C8;
			productRefGroup = CD1B4F5D2AE6A65F0082F3C8 /* Products */;
			projectDirPath = "";
			projectRoot = "";
			targets = (
				CD1B4F5B2AE6A65F0082F3C8 /* AutoLayout */,
				CD1B4F712AE6A6600082F3C8 /* AutoLayoutTests */,
				CD1B4F7B2AE6A6600082F3C8 /* AutoLayoutUITests */,
			);
		};
/* End PBXProject section */

/* Begin PBXResourcesBuildPhase section */
		CD1B4F5A2AE6A65F0082F3C8 /* Resources */ = {
			isa = PBXResourcesBuildPhase;
			buildActionMask = 2147483647;
			files = (
				CD1B4F6C2AE6A6600082F3C8 /* LaunchScreen.storyboard in Resources */,
				CD1B4F692AE6A6600082F3C8 /* Assets.xcassets in Resources */,
				CD1B4F672AE6A65F0082F3C8 /* Main.storyboard in Resources */,
			);
			runOnlyForDeploymentPostprocessing = 0;
		};
		CD1B4F702AE6A6600082F3C8 /* Resources */ = {
			isa = PBXResourcesBuildPhase;
			buildActionMask = 2147483647;
			files = (
			);
			runOnlyForDeploymentPostprocessing = 0;
		};
		CD1B4F7A2AE6A6600082F3C8 /* Resources */ = {
			isa = PBXResourcesBuildPhase;
			buildActionMask = 2147483647;
			files = (
			);
			runOnlyForDeploymentPostprocessing = 0;
		};
/* End PBXResourcesBuildPhase section */

/* Begin PBXSourcesBuildPhase section */
		CD1B4F582AE6A65F0082F3C8 /* Sources */ = {
			isa = PBXSourcesBuildPhase;
			buildActionMask = 2147483647;
			files = (
				CD1B4F642AE6A65F0082F3C8 /* ViewController.swift in Sources */,
				CD1B4F602AE6A65F0082F3C8 /* AppDelegate.swift in Sources */,
				CD1B4F622AE6A65F0082F3C8 /* SceneDelegate.swift in Sources */,
			);
			runOnlyForDeploymentPostprocessing = 0;
		};
		CD1B4F6E2AE6A6600082F3C8 /* Sources */ = {
			isa = PBXSourcesBuildPhase;
			buildActionMask = 2147483647;
			files = (
				CD1B4F772AE6A6600082F3C8 /* AutoLayoutTests.swift in Sources */,
			);
			runOnlyForDeploymentPostprocessing = 0;
		};
		CD1B4F782AE6A6600082F3C8 /* Sources */ = {
			isa = PBXSourcesBuildPhase;
			buildActionMask = 2147483647;
			files = (
				CD1B4F812AE6A6600082F3C8 /* AutoLayoutUITests.swift in Sources */,
				CD1B4F832AE6A6600082F3C8 /* AutoLayoutUITestsLaunchTests.swift in Sources */,
			);
			runOnlyForDeploymentPostprocessing = 0;
		};
/* End PBXSourcesBuildPhase section */

/* Begin PBXTargetDependency section */
		CD1B4F742AE6A6600082F3C8 /* PBXTargetDependency */ = {
			isa = PBXTargetDependency;
			target = CD1B4F5B2AE6A65F0082F3C8 /* AutoLayout */;
			targetProxy = CD1B4F732AE6A6600082F3C8 /* PBXContainerItemProxy */;
		};
		CD1B4F7E2AE6A6600082F3C8 /* PBXTargetDependency */ = {
			isa = PBXTargetDependency;
			target = CD1B4F5B2AE6A65F0082F3C8 /* AutoLayout */;
			targetProxy = CD1B4F7D2AE6A6600082F3C8 /* PBXContainerItemProxy */;
		};
/* End PBXTargetDependency section */

/* Begin PBXVariantGroup section */
		CD1B4F652AE6A65F0082F3C8 /* Main.storyboard */ = {
			isa = PBXVariantGroup;
			children = (
				CD1B4F662AE6A65F0082F3C8 /* Base */,
			);
			name = Main.storyboard;
			sourceTree = "<group>";
		};
		CD1B4F6A2AE6A6600082F3C8 /* LaunchScreen.storyboard */ = {
			isa = PBXVariantGroup;
			children = (
				CD1B4F6B2AE6A6600082F3C8 /* Base */,
			);
			name = LaunchScreen.storyboard;
			sourceTree = "<group>";
		};
/* End PBXVariantGroup section */

/* Begin XCBuildConfiguration section */
		CD1B4F842AE6A6600082F3C8 /* Debug */ = {
			isa = XCBuildConfiguration;
			buildSettings = {
				ALWAYS_SEARCH_USER_PATHS = NO;
				ASSETCATALOG_COMPILER_GENERATE_SWIFT_ASSET_SYMBOL_EXTENSIONS = YES;
				CLANG_ANALYZER_NONNULL = YES;
				CLANG_ANALYZER_NUMBER_OBJECT_CONVERSION = YES_AGGRESSIVE;
				CLANG_CXX_LANGUAGE_STANDARD = "gnu++20";
				CLANG_ENABLE_MODULES = YES;
				CLANG_ENABLE_OBJC_ARC = YES;
				CLANG_ENABLE_OBJC_WEAK = YES;
				CLANG_WARN_BLOCK_CAPTURE_AUTORELEASING = YES;
				CLANG_WARN_BOOL_CONVERSION = YES;
				CLANG_WARN_COMMA = YES;
				CLANG_WARN_CONSTANT_CONVERSION = YES;
				CLANG_WARN_DEPRECATED_OBJC_IMPLEMENTATIONS = YES;
				CLANG_WARN_DIRECT_OBJC_ISA_USAGE = YES_ERROR;
				CLANG_WARN_DOCUMENTATION_COMMENTS = YES;
				CLANG_WARN_EMPTY_BODY = YES;
				CLANG_WARN_ENUM_CONVERSION = YES;
				CLANG_WARN_INFINITE_RECURSION = YES;
				CLANG_WARN_INT_CONVERSION = YES;
				CLANG_WARN_NON_LITERAL_NULL_CONVERSION = YES;
				CLANG_WARN_OBJC_IMPLICIT_RETAIN_SELF = YES;
				CLANG_WARN_OBJC_LITERAL_CONVERSION = YES;
				CLANG_WARN_OBJC_ROOT_CLASS = YES_ERROR;
				CLANG_WARN_QUOTED_INCLUDE_IN_FRAMEWORK_HEADER = YES;
				CLANG_WARN_RANGE_LOOP_ANALYSIS = YES;
				CLANG_WARN_STRICT_PROTOTYPES = YES;
				CLANG_WARN_SUSPICIOUS_MOVE = YES;
				CLANG_WARN_UNGUARDED_AVAILABILITY = YES_AGGRESSIVE;
				CLANG_WARN_UNREACHABLE_CODE = YES;
				CLANG_WARN__DUPLICATE_METHOD_MATCH = YES;
				COPY_PHASE_STRIP = NO;
				DEBUG_INFORMATION_FORMAT = dwarf;
				ENABLE_STRICT_OBJC_MSGSEND = YES;
				ENABLE_TESTABILITY = YES;
				ENABLE_USER_SCRIPT_SANDBOXING = YES;
				GCC_C_LANGUAGE_STANDARD = gnu17;
				GCC_DYNAMIC_NO_PIC = NO;
				GCC_NO_COMMON_BLOCKS = YES;
				GCC_OPTIMIZATION_LEVEL = 0;
				GCC_PREPROCESSOR_DEFINITIONS = (
					"DEBUG=1",
					"$(inherited)",
				);
				GCC_WARN_64_TO_32_BIT_CONVERSION = YES;
				GCC_WARN_ABOUT_RETURN_TYPE = YES_ERROR;
				GCC_WARN_UNDECLARED_SELECTOR = YES;
				GCC_WARN_UNINITIALIZED_AUTOS = YES_AGGRESSIVE;
				GCC_WARN_UNUSED_FUNCTION = YES;
				GCC_WARN_UNUSED_VARIABLE = YES;
				IPHONEOS_DEPLOYMENT_TARGET = 17.0;
				LOCALIZATION_PREFERS_STRING_CATALOGS = YES;
				MTL_ENABLE_DEBUG_INFO = INCLUDE_SOURCE;
				MTL_FAST_MATH = YES;
				ONLY_ACTIVE_ARCH = YES;
				SDKROOT = iphoneos;
				SWIFT_ACTIVE_COMPILATION_CONDITIONS = "DEBUG $(inherited)";
				SWIFT_OPTIMIZATION_LEVEL = "-Onone";
			};
			name = Debug;
		};
		CD1B4F852AE6A6600082F3C8 /* Release */ = {
			isa = XCBuildConfiguration;
			buildSettings = {
				ALWAYS_SEARCH_USER_PATHS = NO;
				ASSETCATALOG_COMPILER_GENERATE_SWIFT_ASSET_SYMBOL_EXTENSIONS = YES;
				CLANG_ANALYZER_NONNULL = YES;
				CLANG_ANALYZER_NUMBER_OBJECT_CONVERSION = YES_AGGRESSIVE;
				CLANG_CXX_LANGUAGE_STANDARD = "gnu++20";
				CLANG_ENABLE_MODULES = YES;
				CLANG_ENABLE_OBJC_ARC = YES;
				CLANG_ENABLE_OBJC_WEAK = YES;
				CLANG_WARN_BLOCK_CAPTURE_AUTORELEASING = YES;
				CLANG_WARN_BOOL_CONVERSION = YES;
				CLANG_WARN_COMMA = YES;
				CLANG_WARN_CONSTANT_CONVERSION = YES;
				CLANG_WARN_DEPRECATED_OBJC_IMPLEMENTATIONS = YES;
				CLANG_WARN_DIRECT_OBJC_ISA_USAGE = YES_ERROR;
				CLANG_WARN_DOCUMENTATION_COMMENTS = YES;
				CLANG_WARN_EMPTY_BODY = YES;
				CLANG_WARN_ENUM_CONVERSION = YES;
				CLANG_WARN_INFINITE_RECURSION = YES;
				CLANG_WARN_INT_CONVERSION = YES;
				CLANG_WARN_NON_LITERAL_NULL_CONVERSION = YES;
				CLANG_WARN_OBJC_IMPLICIT_RETAIN_SELF = YES;
				CLANG_WARN_OBJC_LITERAL_CONVERSION = YES;
				CLANG_WARN_OBJC_ROOT_CLASS = YES_ERROR;
				CLANG_WARN_QUOTED_INCLUDE_IN_FRAMEWORK_HEADER = YES;
				CLANG_WARN_RANGE_LOOP_ANALYSIS = YES;
				CLANG_WARN_STRICT_PROTOTYPES = YES;
				CLANG_WARN_SUSPICIOUS_MOVE = YES;
				CLANG_WARN_UNGUARDED_AVAILABILITY = YES_AGGRESSIVE;
				CLANG_WARN_UNREACHABLE_CODE = YES;
				CLANG_WARN__DUPLICATE_METHOD_MATCH = YES;
				COPY_PHASE_STRIP = NO;
				DEBUG_INFORMATION_FORMAT = "dwarf-with-dsym";
				ENABLE_NS_ASSERTIONS = NO;
				ENABLE_STRICT_OBJC_MSGSEND = YES;
				ENABLE_USER_SCRIPT_SANDBOXING = YES;
				GCC_C_LANGUAGE_STANDARD = gnu17;
				GCC_NO_COMMON_BLOCKS = YES;
				GCC_WARN_64_TO_32_BIT_CONVERSION = YES;
				GCC_WARN_ABOUT_RETURN_TYPE = YES_ERROR;
				GCC_WARN_UNDECLARED_SELECTOR = YES;
				GCC_WARN_UNINITIALIZED_AUTOS = YES_AGGRESSIVE;
				GCC_WARN_UNUSED_FUNCTION = YES;
				GCC_WARN_UNUSED_VARIABLE = YES;
				IPHONEOS_DEPLOYMENT_TARGET = 17.0;
				LOCALIZATION_PREFERS_STRING_CATALOGS = YES;
				MTL_ENABLE_DEBUG_INFO = NO;
				MTL_FAST_MATH = YES;
				SDKROOT = iphoneos;
				SWIFT_COMPILATION_MODE = wholemodule;
				VALIDATE_PRODUCT = YES;
			};
			name = Release;
		};
		CD1B4F872AE6A6600082F3C8 /* Debug */ = {
			isa = XCBuildConfiguration;
			buildSettings = {
				ASSETCATALOG_COMPILER_APPICON_NAME = AppIcon;
				ASSETCATALOG_COMPILER_GLOBAL_ACCENT_COLOR_NAME = AccentColor;
				CODE_SIGN_STYLE = Automatic;
				CURRENT_PROJECT_VERSION = 1;
				DEVELOPMENT_TEAM = P3KXNQ9736;
				GENERATE_INFOPLIST_FILE = YES;
				INFOPLIST_FILE = AutoLayout/Info.plist;
				INFOPLIST_KEY_UIApplicationSupportsIndirectInputEvents = YES;
				INFOPLIST_KEY_UILaunchStoryboardName = LaunchScreen;
				INFOPLIST_KEY_UIMainStoryboardFile = Main;
				INFOPLIST_KEY_UISupportedInterfaceOrientations_iPad = "UIInterfaceOrientationPortrait UIInterfaceOrientationPortraitUpsideDown UIInterfaceOrientationLandscapeLeft UIInterfaceOrientationLandscapeRight";
				INFOPLIST_KEY_UISupportedInterfaceOrientations_iPhone = "UIInterfaceOrientationPortrait UIInterfaceOrientationLandscapeLeft UIInterfaceOrientationLandscapeRight";
				LD_RUNPATH_SEARCH_PATHS = (
					"$(inherited)",
					"@executable_path/Frameworks",
				);
				MARKETING_VERSION = 1.0;
				PRODUCT_BUNDLE_IDENTIFIER = Choi.AutoLayout;
				PRODUCT_NAME = "$(TARGET_NAME)";
				SWIFT_EMIT_LOC_STRINGS = YES;
				SWIFT_VERSION = 5.0;
				TARGETED_DEVICE_FAMILY = "1,2";
			};
			name = Debug;
		};
		CD1B4F882AE6A6600082F3C8 /* Release */ = {
			isa = XCBuildConfiguration;
			buildSettings = {
				ASSETCATALOG_COMPILER_APPICON_NAME = AppIcon;
				ASSETCATALOG_COMPILER_GLOBAL_ACCENT_COLOR_NAME = AccentColor;
				CODE_SIGN_STYLE = Automatic;
				CURRENT_PROJECT_VERSION = 1;
				DEVELOPMENT_TEAM = P3KXNQ9736;
				GENERATE_INFOPLIST_FILE = YES;
				INFOPLIST_FILE = AutoLayout/Info.plist;
				INFOPLIST_KEY_UIApplicationSupportsIndirectInputEvents = YES;
				INFOPLIST_KEY_UILaunchStoryboardName = LaunchScreen;
				INFOPLIST_KEY_UIMainStoryboardFile = Main;
				INFOPLIST_KEY_UISupportedInterfaceOrientations_iPad = "UIInterfaceOrientationPortrait UIInterfaceOrientationPortraitUpsideDown UIInterfaceOrientationLandscapeLeft UIInterfaceOrientationLandscapeRight";
				INFOPLIST_KEY_UISupportedInterfaceOrientations_iPhone = "UIInterfaceOrientationPortrait UIInterfaceOrientationLandscapeLeft UIInterfaceOrientationLandscapeRight";
				LD_RUNPATH_SEARCH_PATHS = (
					"$(inherited)",
					"@executable_path/Frameworks",
				);
				MARKETING_VERSION = 1.0;
				PRODUCT_BUNDLE_IDENTIFIER = Choi.AutoLayout;
				PRODUCT_NAME = "$(TARGET_NAME)";
				SWIFT_EMIT_LOC_STRINGS = YES;
				SWIFT_VERSION = 5.0;
				TARGETED_DEVICE_FAMILY = "1,2";
			};
			name = Release;
		};
		CD1B4F8A2AE6A6600082F3C8 /* Debug */ = {
			isa = XCBuildConfiguration;
			buildSettings = {
				ALWAYS_EMBED_SWIFT_STANDARD_LIBRARIES = YES;
				BUNDLE_LOADER = "$(TEST_HOST)";
				CODE_SIGN_STYLE = Automatic;
				CURRENT_PROJECT_VERSION = 1;
				DEVELOPMENT_TEAM = P3KXNQ9736;
				GENERATE_INFOPLIST_FILE = YES;
				IPHONEOS_DEPLOYMENT_TARGET = 17.0;
				MARKETING_VERSION = 1.0;
				PRODUCT_BUNDLE_IDENTIFIER = Choi.AutoLayoutTests;
				PRODUCT_NAME = "$(TARGET_NAME)";
				SWIFT_EMIT_LOC_STRINGS = NO;
				SWIFT_VERSION = 5.0;
				TARGETED_DEVICE_FAMILY = "1,2";
				TEST_HOST = "$(BUILT_PRODUCTS_DIR)/AutoLayout.app/$(BUNDLE_EXECUTABLE_FOLDER_PATH)/AutoLayout";
			};
			name = Debug;
		};
		CD1B4F8B2AE6A6600082F3C8 /* Release */ = {
			isa = XCBuildConfiguration;
			buildSettings = {
				ALWAYS_EMBED_SWIFT_STANDARD_LIBRARIES = YES;
				BUNDLE_LOADER = "$(TEST_HOST)";
				CODE_SIGN_STYLE = Automatic;
				CURRENT_PROJECT_VERSION = 1;
				DEVELOPMENT_TEAM = P3KXNQ9736;
				GENERATE_INFOPLIST_FILE = YES;
				IPHONEOS_DEPLOYMENT_TARGET = 17.0;
				MARKETING_VERSION = 1.0;
				PRODUCT_BUNDLE_IDENTIFIER = Choi.AutoLayoutTests;
				PRODUCT_NAME = "$(TARGET_NAME)";
				SWIFT_EMIT_LOC_STRINGS = NO;
				SWIFT_VERSION = 5.0;
				TARGETED_DEVICE_FAMILY = "1,2";
				TEST_HOST = "$(BUILT_PRODUCTS_DIR)/AutoLayout.app/$(BUNDLE_EXECUTABLE_FOLDER_PATH)/AutoLayout";
			};
			name = Release;
		};
		CD1B4F8D2AE6A6600082F3C8 /* Debug */ = {
			isa = XCBuildConfiguration;
			buildSettings = {
				ALWAYS_EMBED_SWIFT_STANDARD_LIBRARIES = YES;
				CODE_SIGN_STYLE = Automatic;
				CURRENT_PROJECT_VERSION = 1;
				DEVELOPMENT_TEAM = P3KXNQ9736;
				GENERATE_INFOPLIST_FILE = YES;
				MARKETING_VERSION = 1.0;
				PRODUCT_BUNDLE_IDENTIFIER = Choi.AutoLayoutUITests;
				PRODUCT_NAME = "$(TARGET_NAME)";
				SWIFT_EMIT_LOC_STRINGS = NO;
				SWIFT_VERSION = 5.0;
				TARGETED_DEVICE_FAMILY = "1,2";
				TEST_TARGET_NAME = AutoLayout;
			};
			name = Debug;
		};
		CD1B4F8E2AE6A6600082F3C8 /* Release */ = {
			isa = XCBuildConfiguration;
			buildSettings = {
				ALWAYS_EMBED_SWIFT_STANDARD_LIBRARIES = YES;
				CODE_SIGN_STYLE = Automatic;
				CURRENT_PROJECT_VERSION = 1;
				DEVELOPMENT_TEAM = P3KXNQ9736;
				GENERATE_INFOPLIST_FILE = YES;
				MARKETING_VERSION = 1.0;
				PRODUCT_BUNDLE_IDENTIFIER = Choi.AutoLayoutUITests;
				PRODUCT_NAME = "$(TARGET_NAME)";
				SWIFT_EMIT_LOC_STRINGS = NO;
				SWIFT_VERSION = 5.0;
				TARGETED_DEVICE_FAMILY = "1,2";
				TEST_TARGET_NAME = AutoLayout;
			};
			name = Release;
		};
/* End XCBuildConfiguration section */

/* Begin XCConfigurationList section */
		CD1B4F572AE6A65F0082F3C8 /* Build configuration list for PBXProject "AutoLayout" */ = {
			isa = XCConfigurationList;
			buildConfigurations = (
				CD1B4F842AE6A6600082F3C8 /* Debug */,
				CD1B4F852AE6A6600082F3C8 /* Release */,
			);
			defaultConfigurationIsVisible = 0;
			defaultConfigurationName = Release;
		};
		CD1B4F862AE6A6600082F3C8 /* Build configuration list for PBXNativeTarget "AutoLayout" */ = {
			isa = XCConfigurationList;
			buildConfigurations = (
				CD1B4F872AE6A6600082F3C8 /* Debug */,
				CD1B4F882AE6A6600082F3C8 /* Release */,
			);
			defaultConfigurationIsVisible = 0;
			defaultConfigurationName = Release;
		};
		CD1B4F892AE6A6600082F3C8 /* Build configuration list for PBXNativeTarget "AutoLayoutTests" */ = {
			isa = XCConfigurationList;
			buildConfigurations = (
				CD1B4F8A2AE6A6600082F3C8 /* Debug */,
				CD1B4F8B2AE6A6600082F3C8 /* Release */,
			);
			defaultConfigurationIsVisible = 0;
			defaultConfigurationName = Release;
		};
		CD1B4F8C2AE6A6600082F3C8 /* Build configuration list for PBXNativeTarget "AutoLayoutUITests" */ = {
			isa = XCConfigurationList;
			buildConfigurations = (
				CD1B4F8D2AE6A6600082F3C8 /* Debug */,
				CD1B4F8E2AE6A6600082F3C8 /* Release */,
			);
			defaultConfigurationIsVisible = 0;
			defaultConfigurationName = Release;
		};
/* End XCConfigurationList section */
	};
	rootObject = CD1B4F542AE6A65F0082F3C8 /* Project object */;
}
